
Microsoft Visual Studio Solution File, Format Version 12.00
# Visual Studio Version 17
VisualStudioVersion = 17.6.33829.357
MinimumVisualStudioVersion = 10.0.40219.1
Project("{FAE04EC0-301F-11D3-BF4B-00C04F79EFBC}") = "ElementsChimiques", "ElementsChimiques\ElementsChimiques.csproj", "{5E936BA7-513B-4F7E-B959-19C3F2A5FE30}"
EndProject
Project("{FAE04EC0-301F-11D3-BF4B-00C04F79EFBC}") = "CLElementsChimiques", "CLElementsChimiques\CLElementsChimiques.csproj", "{A6E28D45-0315-42DC-931D-55CE0DB00702}"
EndProject
Global
	GlobalSection(SolutionConfigurationPlatforms) = preSolution
		Debug|Any CPU = Debug|Any CPU
		Release|Any CPU = Release|Any CPU
	EndGlobalSection
	GlobalSection(ProjectConfigurationPlatforms) = postSolution
		{5E936BA7-513B-4F7E-B959-19C3F2A5FE30}.Debug|Any CPU.ActiveCfg = Debug|Any CPU
		{5E936BA7-513B-4F7E-B959-19C3F2A5FE30}.Debug|Any CPU.Build.0 = Debug|Any CPU
		{5E936BA7-513B-4F7E-B959-19C3F2A5FE30}.Release|Any CPU.ActiveCfg = Release|Any CPU
		{5E936BA7-513B-4F7E-B959-19C3F2A5FE30}.Release|Any CPU.Build.0 = Release|Any CPU
		{A6E28D45-0315-42DC-931D-55CE0DB00702}.Debug|Any CPU.ActiveCfg = Debug|Any CPU
		{A6E28D45-0315-42DC-931D-55CE0DB00702}.Debug|Any CPU.Build.0 = Debug|Any CPU
		{A6E28D45-0315-42DC-931D-55CE0DB00702}.Release|Any CPU.ActiveCfg = Release|Any CPU
		{A6E28D45-0315-42DC-931D-55CE0DB00702}.Release|Any CPU.Build.0 = Release|Any CPU
	EndGlobalSection
	GlobalSection(SolutionProperties) = preSolution
		HideSolutionNode = FALSE
	EndGlobalSection
	GlobalSection(ExtensibilityGlobals) = postSolution
		SolutionGuid = {68ABD319-BB81-428B-A741-FE4FE3EF945D}
	EndGlobalSection
EndGlobal
