
Microsoft Visual Studio Solution File, Format Version 12.00
# Visual Studio Version 17
VisualStudioVersion = 17.5.33516.290
MinimumVisualStudioVersion = 10.0.40219.1
Project("{9A19103F-16F7-4668-BE54-9A1E7A4F7556}") = "WFMenu", "WFMenu\WFMenu.csproj", "{FEB84D36-3714-4AF0-8EAC-80DC0A624516}"
EndProject
Project("{9A19103F-16F7-4668-BE54-9A1E7A4F7556}") = "WFAdditionneur", "WFAdditionneur\WFAdditionneur.csproj", "{D9C5D60D-7DD2-4171-93A7-CC99980B8875}"
EndProject
Project("{9A19103F-16F7-4668-BE54-9A1E7A4F7556}") = "CLCalcul", "CLCalcul\CLCalcul.csproj", "{2EA31FB6-9F9C-46C6-B5C8-74E20AD62755}"
EndProject
Project("{9A19103F-16F7-4668-BE54-9A1E7A4F7556}") = "WFCheckBoxRadioButton", "WFCheckBoxRadioButton\WFCheckBoxRadioButton.csproj", "{6E1AC4AE-5602-4D7F-A21E-3BEF8A80A512}"
EndProject
Project("{9A19103F-16F7-4668-BE54-9A1E7A4F7556}") = "WFSaisieTexte", "WFSaisieTexte\WFSaisieTexte.csproj", "{73EC6701-A3DF-4D34-B296-6F775B417FCC}"
EndProject
Project("{9A19103F-16F7-4668-BE54-9A1E7A4F7556}") = "WFIdentification", "WFIdentification\WFIdentification.csproj", "{25FDB755-0D94-4AC1-A10A-72347734C8BA}"
EndProject
Project("{FAE04EC0-301F-11D3-BF4B-00C04F79EFBC}") = "CLVerification", "CLVerification\CLVerification.csproj", "{B878166C-BB48-49F3-8FC3-25118F31A625}"
EndProject
Global
	GlobalSection(SolutionConfigurationPlatforms) = preSolution
		Debug|Any CPU = Debug|Any CPU
		Release|Any CPU = Release|Any CPU
	EndGlobalSection
	GlobalSection(ProjectConfigurationPlatforms) = postSolution
		{FEB84D36-3714-4AF0-8EAC-80DC0A624516}.Debug|Any CPU.ActiveCfg = Debug|Any CPU
		{FEB84D36-3714-4AF0-8EAC-80DC0A624516}.Debug|Any CPU.Build.0 = Debug|Any CPU
		{FEB84D36-3714-4AF0-8EAC-80DC0A624516}.Release|Any CPU.ActiveCfg = Release|Any CPU
		{FEB84D36-3714-4AF0-8EAC-80DC0A624516}.Release|Any CPU.Build.0 = Release|Any CPU
		{D9C5D60D-7DD2-4171-93A7-CC99980B8875}.Debug|Any CPU.ActiveCfg = Debug|Any CPU
		{D9C5D60D-7DD2-4171-93A7-CC99980B8875}.Debug|Any CPU.Build.0 = Debug|Any CPU
		{D9C5D60D-7DD2-4171-93A7-CC99980B8875}.Release|Any CPU.ActiveCfg = Release|Any CPU
		{D9C5D60D-7DD2-4171-93A7-CC99980B8875}.Release|Any CPU.Build.0 = Release|Any CPU
		{2EA31FB6-9F9C-46C6-B5C8-74E20AD62755}.Debug|Any CPU.ActiveCfg = Debug|Any CPU
		{2EA31FB6-9F9C-46C6-B5C8-74E20AD62755}.Debug|Any CPU.Build.0 = Debug|Any CPU
		{2EA31FB6-9F9C-46C6-B5C8-74E20AD62755}.Release|Any CPU.ActiveCfg = Release|Any CPU
		{2EA31FB6-9F9C-46C6-B5C8-74E20AD62755}.Release|Any CPU.Build.0 = Release|Any CPU
		{6E1AC4AE-5602-4D7F-A21E-3BEF8A80A512}.Debug|Any CPU.ActiveCfg = Debug|Any CPU
		{6E1AC4AE-5602-4D7F-A21E-3BEF8A80A512}.Debug|Any CPU.Build.0 = Debug|Any CPU
		{6E1AC4AE-5602-4D7F-A21E-3BEF8A80A512}.Release|Any CPU.ActiveCfg = Release|Any CPU
		{6E1AC4AE-5602-4D7F-A21E-3BEF8A80A512}.Release|Any CPU.Build.0 = Release|Any CPU
		{73EC6701-A3DF-4D34-B296-6F775B417FCC}.Debug|Any CPU.ActiveCfg = Debug|Any CPU
		{73EC6701-A3DF-4D34-B296-6F775B417FCC}.Debug|Any CPU.Build.0 = Debug|Any CPU
		{73EC6701-A3DF-4D34-B296-6F775B417FCC}.Release|Any CPU.ActiveCfg = Release|Any CPU
		{73EC6701-A3DF-4D34-B296-6F775B417FCC}.Release|Any CPU.Build.0 = Release|Any CPU
		{25FDB755-0D94-4AC1-A10A-72347734C8BA}.Debug|Any CPU.ActiveCfg = Debug|Any CPU
		{25FDB755-0D94-4AC1-A10A-72347734C8BA}.Debug|Any CPU.Build.0 = Debug|Any CPU
		{25FDB755-0D94-4AC1-A10A-72347734C8BA}.Release|Any CPU.ActiveCfg = Release|Any CPU
		{25FDB755-0D94-4AC1-A10A-72347734C8BA}.Release|Any CPU.Build.0 = Release|Any CPU
		{B878166C-BB48-49F3-8FC3-25118F31A625}.Debug|Any CPU.ActiveCfg = Debug|Any CPU
		{B878166C-BB48-49F3-8FC3-25118F31A625}.Debug|Any CPU.Build.0 = Debug|Any CPU
		{B878166C-BB48-49F3-8FC3-25118F31A625}.Release|Any CPU.ActiveCfg = Release|Any CPU
		{B878166C-BB48-49F3-8FC3-25118F31A625}.Release|Any CPU.Build.0 = Release|Any CPU
	EndGlobalSection
	GlobalSection(SolutionProperties) = preSolution
		HideSolutionNode = FALSE
	EndGlobalSection
	GlobalSection(ExtensibilityGlobals) = postSolution
		SolutionGuid = {73EB5A72-F2FC-4555-83E0-33F1060D35AB}
	EndGlobalSection
EndGlobal
