
Microsoft Visual Studio Solution File, Format Version 12.00
# Visual Studio Version 17
VisualStudioVersion = 17.5.33424.131
MinimumVisualStudioVersion = 10.0.40219.1
Project("{FAE04EC0-301F-11D3-BF4B-00C04F79EFBC}") = "CheckBoxBoutonsRadio", "CheckBoxBoutonsRadio\CheckBoxBoutonsRadio.csproj", "{FCCDB4CE-0131-42B9-8C30-ABEFC2C93F92}"
EndProject
Global
	GlobalSection(SolutionConfigurationPlatforms) = preSolution
		Debug|Any CPU = Debug|Any CPU
		Release|Any CPU = Release|Any CPU
	EndGlobalSection
	GlobalSection(ProjectConfigurationPlatforms) = postSolution
		{FCCDB4CE-0131-42B9-8C30-ABEFC2C93F92}.Debug|Any CPU.ActiveCfg = Debug|Any CPU
		{FCCDB4CE-0131-42B9-8C30-ABEFC2C93F92}.Debug|Any CPU.Build.0 = Debug|Any CPU
		{FCCDB4CE-0131-42B9-8C30-ABEFC2C93F92}.Release|Any CPU.ActiveCfg = Release|Any CPU
		{FCCDB4CE-0131-42B9-8C30-ABEFC2C93F92}.Release|Any CPU.Build.0 = Release|Any CPU
	EndGlobalSection
	GlobalSection(SolutionProperties) = preSolution
		HideSolutionNode = FALSE
	EndGlobalSection
	GlobalSection(ExtensibilityGlobals) = postSolution
		SolutionGuid = {40014660-1B82-4D0A-9EDC-44C3B2822ACB}
	EndGlobalSection
EndGlobal
