
Microsoft Visual Studio Solution File, Format Version 12.00
# Visual Studio Version 17
VisualStudioVersion = 17.6.33829.357
MinimumVisualStudioVersion = 10.0.40219.1
Project("{FAE04EC0-301F-11D3-BF4B-00C04F79EFBC}") = "Essai", "Personne\Essai.csproj", "{2D816E11-630E-4D2C-8D0E-4637C424B2FF}"
EndProject
Project("{FAE04EC0-301F-11D3-BF4B-00C04F79EFBC}") = "CLEssai", "CLEssai\CLEssai.csproj", "{884B3433-C269-4B6F-83E4-ABDB4466EE1A}"
EndProject
Global
	GlobalSection(SolutionConfigurationPlatforms) = preSolution
		Debug|Any CPU = Debug|Any CPU
		Release|Any CPU = Release|Any CPU
	EndGlobalSection
	GlobalSection(ProjectConfigurationPlatforms) = postSolution
		{2D816E11-630E-4D2C-8D0E-4637C424B2FF}.Debug|Any CPU.ActiveCfg = Debug|Any CPU
		{2D816E11-630E-4D2C-8D0E-4637C424B2FF}.Debug|Any CPU.Build.0 = Debug|Any CPU
		{2D816E11-630E-4D2C-8D0E-4637C424B2FF}.Release|Any CPU.ActiveCfg = Release|Any CPU
		{2D816E11-630E-4D2C-8D0E-4637C424B2FF}.Release|Any CPU.Build.0 = Release|Any CPU
		{884B3433-C269-4B6F-83E4-ABDB4466EE1A}.Debug|Any CPU.ActiveCfg = Debug|Any CPU
		{884B3433-C269-4B6F-83E4-ABDB4466EE1A}.Debug|Any CPU.Build.0 = Debug|Any CPU
		{884B3433-C269-4B6F-83E4-ABDB4466EE1A}.Release|Any CPU.ActiveCfg = Release|Any CPU
		{884B3433-C269-4B6F-83E4-ABDB4466EE1A}.Release|Any CPU.Build.0 = Release|Any CPU
	EndGlobalSection
	GlobalSection(SolutionProperties) = preSolution
		HideSolutionNode = FALSE
	EndGlobalSection
	GlobalSection(ExtensibilityGlobals) = postSolution
		SolutionGuid = {EB913EF8-60B7-429B-B2ED-AF2B7C2B6754}
	EndGlobalSection
EndGlobal
