
Microsoft Visual Studio Solution File, Format Version 12.00
# Visual Studio Version 17
VisualStudioVersion = 17.3.32929.385
MinimumVisualStudioVersion = 10.0.40219.1
Project("{FAE04EC0-301F-11D3-BF4B-00C04F79EFBC}") = "Emprunts", "Emprunts\Emprunts.csproj", "{285AF46E-39F7-4A94-A5FD-B4EE1F96ACA8}"
EndProject
Global
	GlobalSection(SolutionConfigurationPlatforms) = preSolution
		Debug|Any CPU = Debug|Any CPU
		Release|Any CPU = Release|Any CPU
	EndGlobalSection
	GlobalSection(ProjectConfigurationPlatforms) = postSolution
		{285AF46E-39F7-4A94-A5FD-B4EE1F96ACA8}.Debug|Any CPU.ActiveCfg = Debug|Any CPU
		{285AF46E-39F7-4A94-A5FD-B4EE1F96ACA8}.Debug|Any CPU.Build.0 = Debug|Any CPU
		{285AF46E-39F7-4A94-A5FD-B4EE1F96ACA8}.Release|Any CPU.ActiveCfg = Release|Any CPU
		{285AF46E-39F7-4A94-A5FD-B4EE1F96ACA8}.Release|Any CPU.Build.0 = Release|Any CPU
	EndGlobalSection
	GlobalSection(SolutionProperties) = preSolution
		HideSolutionNode = FALSE
	EndGlobalSection
	GlobalSection(ExtensibilityGlobals) = postSolution
		SolutionGuid = {ADEFF244-CA87-4DC7-84B6-1EB2E0295DEC}
	EndGlobalSection
EndGlobal
