
Microsoft Visual Studio Solution File, Format Version 12.00
# Visual Studio Version 17
VisualStudioVersion = 17.2.32505.173
MinimumVisualStudioVersion = 10.0.40219.1
Project("{9A19103F-16F7-4668-BE54-9A1E7A4F7556}") = "LepidoptereCode", "LepidoptereRevision\LepidoptereCode.csproj", "{E48804F8-D8CB-46F3-A16F-C1CC169832DB}"
EndProject
Global
	GlobalSection(SolutionConfigurationPlatforms) = preSolution
		Debug|Any CPU = Debug|Any CPU
		Release|Any CPU = Release|Any CPU
	EndGlobalSection
	GlobalSection(ProjectConfigurationPlatforms) = postSolution
		{E48804F8-D8CB-46F3-A16F-C1CC169832DB}.Debug|Any CPU.ActiveCfg = Debug|Any CPU
		{E48804F8-D8CB-46F3-A16F-C1CC169832DB}.Debug|Any CPU.Build.0 = Debug|Any CPU
		{E48804F8-D8CB-46F3-A16F-C1CC169832DB}.Release|Any CPU.ActiveCfg = Release|Any CPU
		{E48804F8-D8CB-46F3-A16F-C1CC169832DB}.Release|Any CPU.Build.0 = Release|Any CPU
	EndGlobalSection
	GlobalSection(SolutionProperties) = preSolution
		HideSolutionNode = FALSE
	EndGlobalSection
	GlobalSection(ExtensibilityGlobals) = postSolution
		SolutionGuid = {F87BF9F8-E638-445F-938F-EE64F1230F19}
	EndGlobalSection
EndGlobal
