
Microsoft Visual Studio Solution File, Format Version 12.00
# Visual Studio Version 17
VisualStudioVersion = 17.5.33516.290
MinimumVisualStudioVersion = 10.0.40219.1
Project("{9A19103F-16F7-4668-BE54-9A1E7A4F7556}") = "WFEmployees2", "WFEmployees2\WFEmployees2.csproj", "{18C7B6DD-F79C-4FF8-82E5-2D57B5D5DC64}"
EndProject
Project("{FAE04EC0-301F-11D3-BF4B-00C04F79EFBC}") = "CLEmployees", "CLEmployees\CLEmployees.csproj", "{86CF66E9-91D6-40D7-A7F3-04A1E617ED8D}"
EndProject
Global
	GlobalSection(SolutionConfigurationPlatforms) = preSolution
		Debug|Any CPU = Debug|Any CPU
		Release|Any CPU = Release|Any CPU
	EndGlobalSection
	GlobalSection(ProjectConfigurationPlatforms) = postSolution
		{18C7B6DD-F79C-4FF8-82E5-2D57B5D5DC64}.Debug|Any CPU.ActiveCfg = Debug|Any CPU
		{18C7B6DD-F79C-4FF8-82E5-2D57B5D5DC64}.Debug|Any CPU.Build.0 = Debug|Any CPU
		{18C7B6DD-F79C-4FF8-82E5-2D57B5D5DC64}.Release|Any CPU.ActiveCfg = Release|Any CPU
		{18C7B6DD-F79C-4FF8-82E5-2D57B5D5DC64}.Release|Any CPU.Build.0 = Release|Any CPU
		{86CF66E9-91D6-40D7-A7F3-04A1E617ED8D}.Debug|Any CPU.ActiveCfg = Debug|Any CPU
		{86CF66E9-91D6-40D7-A7F3-04A1E617ED8D}.Debug|Any CPU.Build.0 = Debug|Any CPU
		{86CF66E9-91D6-40D7-A7F3-04A1E617ED8D}.Release|Any CPU.ActiveCfg = Release|Any CPU
		{86CF66E9-91D6-40D7-A7F3-04A1E617ED8D}.Release|Any CPU.Build.0 = Release|Any CPU
	EndGlobalSection
	GlobalSection(SolutionProperties) = preSolution
		HideSolutionNode = FALSE
	EndGlobalSection
	GlobalSection(ExtensibilityGlobals) = postSolution
		SolutionGuid = {CC169D1F-45F3-4861-9731-43C09F928D08}
	EndGlobalSection
EndGlobal
