
Microsoft Visual Studio Solution File, Format Version 12.00
# Visual Studio Version 17
VisualStudioVersion = 17.4.33205.214
MinimumVisualStudioVersion = 10.0.40219.1
Project("{9A19103F-16F7-4668-BE54-9A1E7A4F7556}") = "ConsoleBanque", "ConsoleBanque\ConsoleBanque.csproj", "{70BC96B7-90B3-417F-94B4-873E880B4E11}"
EndProject
Project("{FAE04EC0-301F-11D3-BF4B-00C04F79EFBC}") = "ClassLibraryBanque", "ClassLibrary1\ClassLibraryBanque.csproj", "{20EEC962-B16C-4F69-BCF9-1A47507FBA85}"
EndProject
Global
	GlobalSection(SolutionConfigurationPlatforms) = preSolution
		Debug|Any CPU = Debug|Any CPU
		Release|Any CPU = Release|Any CPU
	EndGlobalSection
	GlobalSection(ProjectConfigurationPlatforms) = postSolution
		{70BC96B7-90B3-417F-94B4-873E880B4E11}.Debug|Any CPU.ActiveCfg = Debug|Any CPU
		{70BC96B7-90B3-417F-94B4-873E880B4E11}.Debug|Any CPU.Build.0 = Debug|Any CPU
		{70BC96B7-90B3-417F-94B4-873E880B4E11}.Release|Any CPU.ActiveCfg = Release|Any CPU
		{70BC96B7-90B3-417F-94B4-873E880B4E11}.Release|Any CPU.Build.0 = Release|Any CPU
		{20EEC962-B16C-4F69-BCF9-1A47507FBA85}.Debug|Any CPU.ActiveCfg = Debug|Any CPU
		{20EEC962-B16C-4F69-BCF9-1A47507FBA85}.Debug|Any CPU.Build.0 = Debug|Any CPU
		{20EEC962-B16C-4F69-BCF9-1A47507FBA85}.Release|Any CPU.ActiveCfg = Release|Any CPU
		{20EEC962-B16C-4F69-BCF9-1A47507FBA85}.Release|Any CPU.Build.0 = Release|Any CPU
	EndGlobalSection
	GlobalSection(SolutionProperties) = preSolution
		HideSolutionNode = FALSE
	EndGlobalSection
	GlobalSection(ExtensibilityGlobals) = postSolution
		SolutionGuid = {A34E0C00-ADAA-4DCE-82F3-62C9A8A21FA7}
	EndGlobalSection
EndGlobal
