
Microsoft Visual Studio Solution File, Format Version 12.00
# Visual Studio Version 17
VisualStudioVersion = 17.5.33424.131
MinimumVisualStudioVersion = 10.0.40219.1
Project("{FAE04EC0-301F-11D3-BF4B-00C04F79EFBC}") = "ListBox", "ListBox\ListBox.csproj", "{8927AD72-CD6F-4FF8-8A43-A5C88DC1AA6B}"
EndProject
Project("{FAE04EC0-301F-11D3-BF4B-00C04F79EFBC}") = "ClassLibraryControles", "ClassLibraryControles\ClassLibraryControles.csproj", "{C9D6C554-A6E6-49E4-9DE4-26852AC70216}"
EndProject
Global
	GlobalSection(SolutionConfigurationPlatforms) = preSolution
		Debug|Any CPU = Debug|Any CPU
		Release|Any CPU = Release|Any CPU
	EndGlobalSection
	GlobalSection(ProjectConfigurationPlatforms) = postSolution
		{8927AD72-CD6F-4FF8-8A43-A5C88DC1AA6B}.Debug|Any CPU.ActiveCfg = Debug|Any CPU
		{8927AD72-CD6F-4FF8-8A43-A5C88DC1AA6B}.Debug|Any CPU.Build.0 = Debug|Any CPU
		{8927AD72-CD6F-4FF8-8A43-A5C88DC1AA6B}.Release|Any CPU.ActiveCfg = Release|Any CPU
		{8927AD72-CD6F-4FF8-8A43-A5C88DC1AA6B}.Release|Any CPU.Build.0 = Release|Any CPU
		{C9D6C554-A6E6-49E4-9DE4-26852AC70216}.Debug|Any CPU.ActiveCfg = Debug|Any CPU
		{C9D6C554-A6E6-49E4-9DE4-26852AC70216}.Debug|Any CPU.Build.0 = Debug|Any CPU
		{C9D6C554-A6E6-49E4-9DE4-26852AC70216}.Release|Any CPU.ActiveCfg = Release|Any CPU
		{C9D6C554-A6E6-49E4-9DE4-26852AC70216}.Release|Any CPU.Build.0 = Release|Any CPU
	EndGlobalSection
	GlobalSection(SolutionProperties) = preSolution
		HideSolutionNode = FALSE
	EndGlobalSection
	GlobalSection(ExtensibilityGlobals) = postSolution
		SolutionGuid = {25BF285E-F490-4C8A-8386-AB26EA881417}
	EndGlobalSection
EndGlobal
