
Microsoft Visual Studio Solution File, Format Version 12.00
# Visual Studio Version 17
VisualStudioVersion = 17.2.32602.215
MinimumVisualStudioVersion = 10.0.40219.1
Project("{FAE04EC0-301F-11D3-BF4B-00C04F79EFBC}") = "VoitureRevision", "VoitureRevision\VoitureRevision.csproj", "{6FECA212-FE21-4EE1-9B46-06FC9D856E91}"
EndProject
Global
	GlobalSection(SolutionConfigurationPlatforms) = preSolution
		Debug|Any CPU = Debug|Any CPU
		Release|Any CPU = Release|Any CPU
	EndGlobalSection
	GlobalSection(ProjectConfigurationPlatforms) = postSolution
		{6FECA212-FE21-4EE1-9B46-06FC9D856E91}.Debug|Any CPU.ActiveCfg = Debug|Any CPU
		{6FECA212-FE21-4EE1-9B46-06FC9D856E91}.Debug|Any CPU.Build.0 = Debug|Any CPU
		{6FECA212-FE21-4EE1-9B46-06FC9D856E91}.Release|Any CPU.ActiveCfg = Release|Any CPU
		{6FECA212-FE21-4EE1-9B46-06FC9D856E91}.Release|Any CPU.Build.0 = Release|Any CPU
	EndGlobalSection
	GlobalSection(SolutionProperties) = preSolution
		HideSolutionNode = FALSE
	EndGlobalSection
	GlobalSection(ExtensibilityGlobals) = postSolution
		SolutionGuid = {121B37F2-24AE-4BD3-A614-24F6F915F5EB}
	EndGlobalSection
EndGlobal
