
Microsoft Visual Studio Solution File, Format Version 12.00
# Visual Studio Version 17
VisualStudioVersion = 17.3.32929.385
MinimumVisualStudioVersion = 10.0.40219.1
Project("{FAE04EC0-301F-11D3-BF4B-00C04F79EFBC}") = "WindowsFormsApp1", "WindowsFormsApp1\WindowsFormsApp1.csproj", "{8F4E6227-13AD-40F4-9D57-D45114103ACE}"
EndProject
Global
	GlobalSection(SolutionConfigurationPlatforms) = preSolution
		Debug|Any CPU = Debug|Any CPU
		Release|Any CPU = Release|Any CPU
	EndGlobalSection
	GlobalSection(ProjectConfigurationPlatforms) = postSolution
		{8F4E6227-13AD-40F4-9D57-D45114103ACE}.Debug|Any CPU.ActiveCfg = Debug|Any CPU
		{8F4E6227-13AD-40F4-9D57-D45114103ACE}.Debug|Any CPU.Build.0 = Debug|Any CPU
		{8F4E6227-13AD-40F4-9D57-D45114103ACE}.Release|Any CPU.ActiveCfg = Release|Any CPU
		{8F4E6227-13AD-40F4-9D57-D45114103ACE}.Release|Any CPU.Build.0 = Release|Any CPU
	EndGlobalSection
	GlobalSection(SolutionProperties) = preSolution
		HideSolutionNode = FALSE
	EndGlobalSection
	GlobalSection(ExtensibilityGlobals) = postSolution
		SolutionGuid = {908F72BF-475B-42BA-B279-06F863E89AD5}
	EndGlobalSection
EndGlobal
