
Microsoft Visual Studio Solution File, Format Version 12.00
# Visual Studio Version 17
VisualStudioVersion = 17.4.33205.214
MinimumVisualStudioVersion = 10.0.40219.1
Project("{F184B08F-C81C-45F6-A57F-5ABD9991F28F}") = "ClassLibraryBanque", "ClassLibraryBanque\ClassLibraryBanque.vbproj", "{6064BF4D-FD23-4400-8C92-BE4E454F7CEA}"
EndProject
Project("{FAE04EC0-301F-11D3-BF4B-00C04F79EFBC}") = "ConsoleBanque", "ConsoleBanque\ConsoleBanque.csproj", "{70BC96B7-90B3-417F-94B4-873E880B4E11}"
EndProject
Global
	GlobalSection(SolutionConfigurationPlatforms) = preSolution
		Debug|Any CPU = Debug|Any CPU
		Release|Any CPU = Release|Any CPU
	EndGlobalSection
	GlobalSection(ProjectConfigurationPlatforms) = postSolution
		{6064BF4D-FD23-4400-8C92-BE4E454F7CEA}.Debug|Any CPU.ActiveCfg = Debug|Any CPU
		{6064BF4D-FD23-4400-8C92-BE4E454F7CEA}.Debug|Any CPU.Build.0 = Debug|Any CPU
		{6064BF4D-FD23-4400-8C92-BE4E454F7CEA}.Release|Any CPU.ActiveCfg = Release|Any CPU
		{6064BF4D-FD23-4400-8C92-BE4E454F7CEA}.Release|Any CPU.Build.0 = Release|Any CPU
		{70BC96B7-90B3-417F-94B4-873E880B4E11}.Debug|Any CPU.ActiveCfg = Debug|Any CPU
		{70BC96B7-90B3-417F-94B4-873E880B4E11}.Debug|Any CPU.Build.0 = Debug|Any CPU
		{70BC96B7-90B3-417F-94B4-873E880B4E11}.Release|Any CPU.ActiveCfg = Release|Any CPU
		{70BC96B7-90B3-417F-94B4-873E880B4E11}.Release|Any CPU.Build.0 = Release|Any CPU
	EndGlobalSection
	GlobalSection(SolutionProperties) = preSolution
		HideSolutionNode = FALSE
	EndGlobalSection
	GlobalSection(ExtensibilityGlobals) = postSolution
		SolutionGuid = {A34E0C00-ADAA-4DCE-82F3-62C9A8A21FA7}
	EndGlobalSection
EndGlobal
