
Microsoft Visual Studio Solution File, Format Version 12.00
# Visual Studio Version 17
VisualStudioVersion = 17.5.33516.290
MinimumVisualStudioVersion = 10.0.40219.1
Project("{FAE04EC0-301F-11D3-BF4B-00C04F79EFBC}") = "WFToutEmbal", "WFToutEmbal\WFToutEmbal.csproj", "{3E17A2D8-0A6A-4C8F-A310-D2F07D44D30C}"
EndProject
Project("{FAE04EC0-301F-11D3-BF4B-00C04F79EFBC}") = "CLCaisses", "CLCaisses\CLCaisses.csproj", "{23880B89-159E-499B-8D06-CA2FC332A5B0}"
EndProject
Project("{FAE04EC0-301F-11D3-BF4B-00C04F79EFBC}") = "CLProductions", "CLProductions\CLProductions.csproj", "{3A458377-A7D0-46B0-BDD0-98126612C11A}"
EndProject
Global
	GlobalSection(SolutionConfigurationPlatforms) = preSolution
		Debug|Any CPU = Debug|Any CPU
		Release|Any CPU = Release|Any CPU
	EndGlobalSection
	GlobalSection(ProjectConfigurationPlatforms) = postSolution
		{3E17A2D8-0A6A-4C8F-A310-D2F07D44D30C}.Debug|Any CPU.ActiveCfg = Debug|Any CPU
		{3E17A2D8-0A6A-4C8F-A310-D2F07D44D30C}.Debug|Any CPU.Build.0 = Debug|Any CPU
		{3E17A2D8-0A6A-4C8F-A310-D2F07D44D30C}.Release|Any CPU.ActiveCfg = Release|Any CPU
		{3E17A2D8-0A6A-4C8F-A310-D2F07D44D30C}.Release|Any CPU.Build.0 = Release|Any CPU
		{23880B89-159E-499B-8D06-CA2FC332A5B0}.Debug|Any CPU.ActiveCfg = Debug|Any CPU
		{23880B89-159E-499B-8D06-CA2FC332A5B0}.Debug|Any CPU.Build.0 = Debug|Any CPU
		{23880B89-159E-499B-8D06-CA2FC332A5B0}.Release|Any CPU.ActiveCfg = Release|Any CPU
		{23880B89-159E-499B-8D06-CA2FC332A5B0}.Release|Any CPU.Build.0 = Release|Any CPU
		{3A458377-A7D0-46B0-BDD0-98126612C11A}.Debug|Any CPU.ActiveCfg = Debug|Any CPU
		{3A458377-A7D0-46B0-BDD0-98126612C11A}.Debug|Any CPU.Build.0 = Debug|Any CPU
		{3A458377-A7D0-46B0-BDD0-98126612C11A}.Release|Any CPU.ActiveCfg = Release|Any CPU
		{3A458377-A7D0-46B0-BDD0-98126612C11A}.Release|Any CPU.Build.0 = Release|Any CPU
	EndGlobalSection
	GlobalSection(SolutionProperties) = preSolution
		HideSolutionNode = FALSE
	EndGlobalSection
	GlobalSection(ExtensibilityGlobals) = postSolution
		SolutionGuid = {84873A64-EE23-42A3-BC4A-39A3887C1147}
	EndGlobalSection
EndGlobal
