
Microsoft Visual Studio Solution File, Format Version 12.00
# Visual Studio Version 17
VisualStudioVersion = 17.5.33516.290
MinimumVisualStudioVersion = 10.0.40219.1
Project("{FAE04EC0-301F-11D3-BF4B-00C04F79EFBC}") = "WFValidationSaisie", "WFValidationSaisie\WFValidationSaisie.csproj", "{172AF343-AEDE-4809-8DFB-0DE48265F069}"
EndProject
Project("{FAE04EC0-301F-11D3-BF4B-00C04F79EFBC}") = "CLControles", "CLControles\CLControles.csproj", "{25D30795-AEA6-4FB7-8A66-5CA794E57140}"
EndProject
Global
	GlobalSection(SolutionConfigurationPlatforms) = preSolution
		Debug|Any CPU = Debug|Any CPU
		Release|Any CPU = Release|Any CPU
	EndGlobalSection
	GlobalSection(ProjectConfigurationPlatforms) = postSolution
		{172AF343-AEDE-4809-8DFB-0DE48265F069}.Debug|Any CPU.ActiveCfg = Debug|Any CPU
		{172AF343-AEDE-4809-8DFB-0DE48265F069}.Debug|Any CPU.Build.0 = Debug|Any CPU
		{172AF343-AEDE-4809-8DFB-0DE48265F069}.Release|Any CPU.ActiveCfg = Release|Any CPU
		{172AF343-AEDE-4809-8DFB-0DE48265F069}.Release|Any CPU.Build.0 = Release|Any CPU
		{25D30795-AEA6-4FB7-8A66-5CA794E57140}.Debug|Any CPU.ActiveCfg = Debug|Any CPU
		{25D30795-AEA6-4FB7-8A66-5CA794E57140}.Debug|Any CPU.Build.0 = Debug|Any CPU
		{25D30795-AEA6-4FB7-8A66-5CA794E57140}.Release|Any CPU.ActiveCfg = Release|Any CPU
		{25D30795-AEA6-4FB7-8A66-5CA794E57140}.Release|Any CPU.Build.0 = Release|Any CPU
	EndGlobalSection
	GlobalSection(SolutionProperties) = preSolution
		HideSolutionNode = FALSE
	EndGlobalSection
	GlobalSection(ExtensibilityGlobals) = postSolution
		SolutionGuid = {CC47088D-479D-4CE4-9DB2-877AE9504B56}
	EndGlobalSection
EndGlobal
