
Microsoft Visual Studio Solution File, Format Version 12.00
# Visual Studio Version 17
VisualStudioVersion = 17.5.33516.290
MinimumVisualStudioVersion = 10.0.40219.1
Project("{FAE04EC0-301F-11D3-BF4B-00C04F79EFBC}") = "WFValidationSaisie", "WFValidationSaisie\WFValidationSaisie.csproj", "{030F2624-41CB-407B-B962-D5C763CD70D9}"
EndProject
Project("{FAE04EC0-301F-11D3-BF4B-00C04F79EFBC}") = "CLControles", "CLControles\CLControles.csproj", "{1FD0C39D-6E8E-40A5-9E62-C79D075567D0}"
EndProject
Project("{FAE04EC0-301F-11D3-BF4B-00C04F79EFBC}") = "CLTransactions", "CLTransactions\CLTransactions.csproj", "{D0C19A90-890C-412E-AA50-EED62E9FFFE5}"
EndProject
Global
	GlobalSection(SolutionConfigurationPlatforms) = preSolution
		Debug|Any CPU = Debug|Any CPU
		Release|Any CPU = Release|Any CPU
	EndGlobalSection
	GlobalSection(ProjectConfigurationPlatforms) = postSolution
		{030F2624-41CB-407B-B962-D5C763CD70D9}.Debug|Any CPU.ActiveCfg = Debug|Any CPU
		{030F2624-41CB-407B-B962-D5C763CD70D9}.Debug|Any CPU.Build.0 = Debug|Any CPU
		{030F2624-41CB-407B-B962-D5C763CD70D9}.Release|Any CPU.ActiveCfg = Release|Any CPU
		{030F2624-41CB-407B-B962-D5C763CD70D9}.Release|Any CPU.Build.0 = Release|Any CPU
		{1FD0C39D-6E8E-40A5-9E62-C79D075567D0}.Debug|Any CPU.ActiveCfg = Debug|Any CPU
		{1FD0C39D-6E8E-40A5-9E62-C79D075567D0}.Debug|Any CPU.Build.0 = Debug|Any CPU
		{1FD0C39D-6E8E-40A5-9E62-C79D075567D0}.Release|Any CPU.ActiveCfg = Release|Any CPU
		{1FD0C39D-6E8E-40A5-9E62-C79D075567D0}.Release|Any CPU.Build.0 = Release|Any CPU
		{D0C19A90-890C-412E-AA50-EED62E9FFFE5}.Debug|Any CPU.ActiveCfg = Debug|Any CPU
		{D0C19A90-890C-412E-AA50-EED62E9FFFE5}.Debug|Any CPU.Build.0 = Debug|Any CPU
		{D0C19A90-890C-412E-AA50-EED62E9FFFE5}.Release|Any CPU.ActiveCfg = Release|Any CPU
		{D0C19A90-890C-412E-AA50-EED62E9FFFE5}.Release|Any CPU.Build.0 = Release|Any CPU
	EndGlobalSection
	GlobalSection(SolutionProperties) = preSolution
		HideSolutionNode = FALSE
	EndGlobalSection
	GlobalSection(ExtensibilityGlobals) = postSolution
		SolutionGuid = {A43E0EDA-122E-4299-A1D7-59E23FFC9DC0}
	EndGlobalSection
EndGlobal
